
Microsoft Visual Studio Solution File, Format Version 12.00
# Visual Studio Version 17
VisualStudioVersion = 17.4.33122.133
MinimumVisualStudioVersion = 10.0.40219.1
Project("{FAE04EC0-301F-11D3-BF4B-00C04F79EFBC}") = "tryApp1", "tryApp1\tryApp1.csproj", "{6B0FAFDA-D01D-43B5-A8E6-C3014907BC46}"
EndProject
Global
	GlobalSection(SolutionConfigurationPlatforms) = preSolution
		Debug|Any CPU = Debug|Any CPU
		Release|Any CPU = Release|Any CPU
	EndGlobalSection
	GlobalSection(ProjectConfigurationPlatforms) = postSolution
		{6B0FAFDA-D01D-43B5-A8E6-C3014907BC46}.Debug|Any CPU.ActiveCfg = Debug|Any CPU
		{6B0FAFDA-D01D-43B5-A8E6-C3014907BC46}.Debug|Any CPU.Build.0 = Debug|Any CPU
		{6B0FAFDA-D01D-43B5-A8E6-C3014907BC46}.Release|Any CPU.ActiveCfg = Release|Any CPU
		{6B0FAFDA-D01D-43B5-A8E6-C3014907BC46}.Release|Any CPU.Build.0 = Release|Any CPU
	EndGlobalSection
	GlobalSection(SolutionProperties) = preSolution
		HideSolutionNode = FALSE
	EndGlobalSection
	GlobalSection(ExtensibilityGlobals) = postSolution
		SolutionGuid = {37062F6D-7E1C-4094-9A21-D473C636B5BC}
	EndGlobalSection
EndGlobal
