
Microsoft Visual Studio Solution File, Format Version 12.00
# Visual Studio Version 17
VisualStudioVersion = 17.4.33122.133
MinimumVisualStudioVersion = 10.0.40219.1
Project("{FAE04EC0-301F-11D3-BF4B-00C04F79EFBC}") = "TicTacToe3", "TicTacToe3\TicTacToe3.csproj", "{9D4E9538-C233-463E-B5A0-30DB2B10FF1E}"
EndProject
Global
	GlobalSection(SolutionConfigurationPlatforms) = preSolution
		Debug|Any CPU = Debug|Any CPU
		Release|Any CPU = Release|Any CPU
	EndGlobalSection
	GlobalSection(ProjectConfigurationPlatforms) = postSolution
		{9D4E9538-C233-463E-B5A0-30DB2B10FF1E}.Debug|Any CPU.ActiveCfg = Debug|Any CPU
		{9D4E9538-C233-463E-B5A0-30DB2B10FF1E}.Debug|Any CPU.Build.0 = Debug|Any CPU
		{9D4E9538-C233-463E-B5A0-30DB2B10FF1E}.Release|Any CPU.ActiveCfg = Release|Any CPU
		{9D4E9538-C233-463E-B5A0-30DB2B10FF1E}.Release|Any CPU.Build.0 = Release|Any CPU
	EndGlobalSection
	GlobalSection(SolutionProperties) = preSolution
		HideSolutionNode = FALSE
	EndGlobalSection
	GlobalSection(ExtensibilityGlobals) = postSolution
		SolutionGuid = {C5D7D1EC-CC98-498E-B1AC-617117A224EF}
	EndGlobalSection
EndGlobal
