
Microsoft Visual Studio Solution File, Format Version 12.00
# Visual Studio Version 17
VisualStudioVersion = 17.4.33122.133
MinimumVisualStudioVersion = 10.0.40219.1
Project("{FAE04EC0-301F-11D3-BF4B-00C04F79EFBC}") = "Dice1", "Dice1\Dice1.csproj", "{F335409C-AB2C-45E6-A3BF-532E4D278A5C}"
EndProject
Global
	GlobalSection(SolutionConfigurationPlatforms) = preSolution
		Debug|Any CPU = Debug|Any CPU
		Release|Any CPU = Release|Any CPU
	EndGlobalSection
	GlobalSection(ProjectConfigurationPlatforms) = postSolution
		{F335409C-AB2C-45E6-A3BF-532E4D278A5C}.Debug|Any CPU.ActiveCfg = Debug|Any CPU
		{F335409C-AB2C-45E6-A3BF-532E4D278A5C}.Debug|Any CPU.Build.0 = Debug|Any CPU
		{F335409C-AB2C-45E6-A3BF-532E4D278A5C}.Release|Any CPU.ActiveCfg = Release|Any CPU
		{F335409C-AB2C-45E6-A3BF-532E4D278A5C}.Release|Any CPU.Build.0 = Release|Any CPU
	EndGlobalSection
	GlobalSection(SolutionProperties) = preSolution
		HideSolutionNode = FALSE
	EndGlobalSection
	GlobalSection(ExtensibilityGlobals) = postSolution
		SolutionGuid = {1031CABA-B375-4A40-87D8-9A27A70F16D2}
	EndGlobalSection
EndGlobal
