
Microsoft Visual Studio Solution File, Format Version 12.00
# Visual Studio Version 17
VisualStudioVersion = 17.4.33122.133
MinimumVisualStudioVersion = 10.0.40219.1
Project("{FAE04EC0-301F-11D3-BF4B-00C04F79EFBC}") = "ConsoleOX1", "ConsoleOX1\ConsoleOX1.csproj", "{994F13AD-F3F9-4723-BAD4-7F6B1B4235C6}"
EndProject
Global
	GlobalSection(SolutionConfigurationPlatforms) = preSolution
		Debug|Any CPU = Debug|Any CPU
		Release|Any CPU = Release|Any CPU
	EndGlobalSection
	GlobalSection(ProjectConfigurationPlatforms) = postSolution
		{994F13AD-F3F9-4723-BAD4-7F6B1B4235C6}.Debug|Any CPU.ActiveCfg = Debug|Any CPU
		{994F13AD-F3F9-4723-BAD4-7F6B1B4235C6}.Debug|Any CPU.Build.0 = Debug|Any CPU
		{994F13AD-F3F9-4723-BAD4-7F6B1B4235C6}.Release|Any CPU.ActiveCfg = Release|Any CPU
		{994F13AD-F3F9-4723-BAD4-7F6B1B4235C6}.Release|Any CPU.Build.0 = Release|Any CPU
	EndGlobalSection
	GlobalSection(SolutionProperties) = preSolution
		HideSolutionNode = FALSE
	EndGlobalSection
	GlobalSection(ExtensibilityGlobals) = postSolution
		SolutionGuid = {F79EFA0F-035A-4D36-A795-53839E26BF91}
	EndGlobalSection
EndGlobal
